
Microsoft Visual Studio Solution File, Format Version 12.00
# Visual Studio Version 17
VisualStudioVersion = 17.14.36518.9 d17.14
MinimumVisualStudioVersion = 10.0.40219.1
Project("{FAE04EC0-301F-11D3-BF4B-00C04F79EFBC}") = "Buttons", "Buttons\Buttons.csproj", "{32E74565-3E4F-4F64-B502-0704B6F3BC75}"
EndProject
Global
	GlobalSection(SolutionConfigurationPlatforms) = preSolution
		Debug|Any CPU = Debug|Any CPU
		Release|Any CPU = Release|Any CPU
	EndGlobalSection
	GlobalSection(ProjectConfigurationPlatforms) = postSolution
		{32E74565-3E4F-4F64-B502-0704B6F3BC75}.Debug|Any CPU.ActiveCfg = Debug|Any CPU
		{32E74565-3E4F-4F64-B502-0704B6F3BC75}.Debug|Any CPU.Build.0 = Debug|Any CPU
		{32E74565-3E4F-4F64-B502-0704B6F3BC75}.Release|Any CPU.ActiveCfg = Release|Any CPU
		{32E74565-3E4F-4F64-B502-0704B6F3BC75}.Release|Any CPU.Build.0 = Release|Any CPU
	EndGlobalSection
	GlobalSection(SolutionProperties) = preSolution
		HideSolutionNode = FALSE
	EndGlobalSection
	GlobalSection(ExtensibilityGlobals) = postSolution
		SolutionGuid = {8A2E195A-64D3-45F3-9F36-EF9F89655E9D}
	EndGlobalSection
EndGlobal
